
Microsoft Visual Studio Solution File, Format Version 12.00
# Visual Studio Version 16
VisualStudioVersion = 16.0.30907.101
MinimumVisualStudioVersion = 10.0.40219.1
Project("{FAE04EC0-301F-11D3-BF4B-00C04F79EFBC}") = "pr9_murzaev", "pr9_murzaev.csproj", "{2AF5FAF3-F787-440F-9FE6-00C9CC6CAF73}"
EndProject
Global
	GlobalSection(SolutionConfigurationPlatforms) = preSolution
		Debug|Any CPU = Debug|Any CPU
		Release|Any CPU = Release|Any CPU
	EndGlobalSection
	GlobalSection(ProjectConfigurationPlatforms) = postSolution
		{2AF5FAF3-F787-440F-9FE6-00C9CC6CAF73}.Debug|Any CPU.ActiveCfg = Debug|Any CPU
		{2AF5FAF3-F787-440F-9FE6-00C9CC6CAF73}.Debug|Any CPU.Build.0 = Debug|Any CPU
		{2AF5FAF3-F787-440F-9FE6-00C9CC6CAF73}.Release|Any CPU.ActiveCfg = Release|Any CPU
		{2AF5FAF3-F787-440F-9FE6-00C9CC6CAF73}.Release|Any CPU.Build.0 = Release|Any CPU
	EndGlobalSection
	GlobalSection(SolutionProperties) = preSolution
		HideSolutionNode = FALSE
	EndGlobalSection
	GlobalSection(ExtensibilityGlobals) = postSolution
		SolutionGuid = {C2C0CB12-659D-48FA-8C06-F9132A3AABAF}
	EndGlobalSection
EndGlobal
